
Microsoft Visual Studio Solution File, Format Version 12.00
# Visual Studio Version 17
VisualStudioVersion = 17.14.36705.20 d17.14
MinimumVisualStudioVersion = 10.0.40219.1
Project("{FAE04EC0-301F-11D3-BF4B-00C04F79EFBC}") = "rtf-md-transform", "rtf-md-transform\rtf-md-transform.csproj", "{01BC7B00-B782-44CD-B0BD-290E612E6AEB}"
EndProject
Global
	GlobalSection(SolutionConfigurationPlatforms) = preSolution
		Debug|Any CPU = Debug|Any CPU
		Release|Any CPU = Release|Any CPU
	EndGlobalSection
	GlobalSection(ProjectConfigurationPlatforms) = postSolution
		{01BC7B00-B782-44CD-B0BD-290E612E6AEB}.Debug|Any CPU.ActiveCfg = Debug|Any CPU
		{01BC7B00-B782-44CD-B0BD-290E612E6AEB}.Debug|Any CPU.Build.0 = Debug|Any CPU
		{01BC7B00-B782-44CD-B0BD-290E612E6AEB}.Release|Any CPU.ActiveCfg = Release|Any CPU
		{01BC7B00-B782-44CD-B0BD-290E612E6AEB}.Release|Any CPU.Build.0 = Release|Any CPU
	EndGlobalSection
	GlobalSection(SolutionProperties) = preSolution
		HideSolutionNode = FALSE
	EndGlobalSection
	GlobalSection(ExtensibilityGlobals) = postSolution
		SolutionGuid = {013013C7-4A33-48AE-86C5-3BA5646F4D86}
	EndGlobalSection
EndGlobal
